
Microsoft Visual Studio Solution File, Format Version 12.00
# Visual Studio 15
VisualStudioVersion = 15.0.28307.271
MinimumVisualStudioVersion = 10.0.40219.1
Project("{FAE04EC0-301F-11D3-BF4B-00C04F79EFBC}") = "SimpleGUI", "SimpleGUI\SimpleGUI.csproj", "{FEB04AD7-BF6D-4D97-B1C6-AC9729EB287F}"
EndProject
Global
	GlobalSection(SolutionConfigurationPlatforms) = preSolution
		Debug|Any CPU = Debug|Any CPU
		Release|Any CPU = Release|Any CPU
	EndGlobalSection
	GlobalSection(ProjectConfigurationPlatforms) = postSolution
		{FEB04AD7-BF6D-4D97-B1C6-AC9729EB287F}.Debug|Any CPU.ActiveCfg = Debug|Any CPU
		{FEB04AD7-BF6D-4D97-B1C6-AC9729EB287F}.Debug|Any CPU.Build.0 = Debug|Any CPU
		{FEB04AD7-BF6D-4D97-B1C6-AC9729EB287F}.Release|Any CPU.ActiveCfg = Release|Any CPU
		{FEB04AD7-BF6D-4D97-B1C6-AC9729EB287F}.Release|Any CPU.Build.0 = Release|Any CPU
	EndGlobalSection
	GlobalSection(SolutionProperties) = preSolution
		HideSolutionNode = FALSE
	EndGlobalSection
	GlobalSection(ExtensibilityGlobals) = postSolution
		SolutionGuid = {BA548124-30BC-4967-B34A-7CB511D8213E}
	EndGlobalSection
EndGlobal
