
Microsoft Visual Studio Solution File, Format Version 12.00
# Visual Studio 15
VisualStudioVersion = 15.0.28307.539
MinimumVisualStudioVersion = 10.0.40219.1
Project("{FAE04EC0-301F-11D3-BF4B-00C04F79EFBC}") = "Oevelse01", "Oevelse01\Oevelse01.csproj", "{AA97AC2F-87EA-4626-B56B-F13262A25F90}"
EndProject
Global
	GlobalSection(SolutionConfigurationPlatforms) = preSolution
		Debug|Any CPU = Debug|Any CPU
		Release|Any CPU = Release|Any CPU
	EndGlobalSection
	GlobalSection(ProjectConfigurationPlatforms) = postSolution
		{AA97AC2F-87EA-4626-B56B-F13262A25F90}.Debug|Any CPU.ActiveCfg = Debug|Any CPU
		{AA97AC2F-87EA-4626-B56B-F13262A25F90}.Debug|Any CPU.Build.0 = Debug|Any CPU
		{AA97AC2F-87EA-4626-B56B-F13262A25F90}.Release|Any CPU.ActiveCfg = Release|Any CPU
		{AA97AC2F-87EA-4626-B56B-F13262A25F90}.Release|Any CPU.Build.0 = Release|Any CPU
	EndGlobalSection
	GlobalSection(SolutionProperties) = preSolution
		HideSolutionNode = FALSE
	EndGlobalSection
	GlobalSection(ExtensibilityGlobals) = postSolution
		SolutionGuid = {2E73FD8E-C7E6-4F80-B8AE-982299B55DB8}
	EndGlobalSection
EndGlobal
