
Microsoft Visual Studio Solution File, Format Version 12.00
# Visual Studio 15
VisualStudioVersion = 15.0.28307.136
MinimumVisualStudioVersion = 10.0.40219.1
Project("{FAE04EC0-301F-11D3-BF4B-00C04F79EFBC}") = "InteractiveGUI", "InteractiveGUI\InteractiveGUI.csproj", "{E4833387-EEBB-4904-A7E4-065498DD7359}"
EndProject
Global
	GlobalSection(SolutionConfigurationPlatforms) = preSolution
		Debug|Any CPU = Debug|Any CPU
		Release|Any CPU = Release|Any CPU
	EndGlobalSection
	GlobalSection(ProjectConfigurationPlatforms) = postSolution
		{E4833387-EEBB-4904-A7E4-065498DD7359}.Debug|Any CPU.ActiveCfg = Debug|Any CPU
		{E4833387-EEBB-4904-A7E4-065498DD7359}.Debug|Any CPU.Build.0 = Debug|Any CPU
		{E4833387-EEBB-4904-A7E4-065498DD7359}.Release|Any CPU.ActiveCfg = Release|Any CPU
		{E4833387-EEBB-4904-A7E4-065498DD7359}.Release|Any CPU.Build.0 = Release|Any CPU
	EndGlobalSection
	GlobalSection(SolutionProperties) = preSolution
		HideSolutionNode = FALSE
	EndGlobalSection
	GlobalSection(ExtensibilityGlobals) = postSolution
		SolutionGuid = {3D2DA7EA-3E63-4FCA-AEC3-D8061AFF986C}
	EndGlobalSection
EndGlobal
