
Microsoft Visual Studio Solution File, Format Version 12.00
# Visual Studio 15
VisualStudioVersion = 15.0.28010.2046
MinimumVisualStudioVersion = 10.0.40219.1
Project("{FAE04EC0-301F-11D3-BF4B-00C04F79EFBC}") = "Morgengry", "Morgengry\Morgengry.csproj", "{4C8AD335-9BE4-4644-BEDD-B947D9FE7970}"
EndProject
Project("{FAE04EC0-301F-11D3-BF4B-00C04F79EFBC}") = "Test", "Test\Test.csproj", "{DACB716F-7883-470A-8501-DF7F7AE176DA}"
EndProject
Global
	GlobalSection(SolutionConfigurationPlatforms) = preSolution
		Debug|Any CPU = Debug|Any CPU
		Release|Any CPU = Release|Any CPU
	EndGlobalSection
	GlobalSection(ProjectConfigurationPlatforms) = postSolution
		{4C8AD335-9BE4-4644-BEDD-B947D9FE7970}.Debug|Any CPU.ActiveCfg = Debug|Any CPU
		{4C8AD335-9BE4-4644-BEDD-B947D9FE7970}.Debug|Any CPU.Build.0 = Debug|Any CPU
		{4C8AD335-9BE4-4644-BEDD-B947D9FE7970}.Release|Any CPU.ActiveCfg = Release|Any CPU
		{4C8AD335-9BE4-4644-BEDD-B947D9FE7970}.Release|Any CPU.Build.0 = Release|Any CPU
		{DACB716F-7883-470A-8501-DF7F7AE176DA}.Debug|Any CPU.ActiveCfg = Debug|Any CPU
		{DACB716F-7883-470A-8501-DF7F7AE176DA}.Debug|Any CPU.Build.0 = Debug|Any CPU
		{DACB716F-7883-470A-8501-DF7F7AE176DA}.Release|Any CPU.ActiveCfg = Release|Any CPU
		{DACB716F-7883-470A-8501-DF7F7AE176DA}.Release|Any CPU.Build.0 = Release|Any CPU
	EndGlobalSection
	GlobalSection(SolutionProperties) = preSolution
		HideSolutionNode = FALSE
	EndGlobalSection
	GlobalSection(ExtensibilityGlobals) = postSolution
		SolutionGuid = {991FBE50-47C3-468E-A6C9-9C73321C6B59}
	EndGlobalSection
EndGlobal
