
Microsoft Visual Studio Solution File, Format Version 12.00
# Visual Studio 15
VisualStudioVersion = 15.0.28307.329
MinimumVisualStudioVersion = 10.0.40219.1
Project("{FAE04EC0-301F-11D3-BF4B-00C04F79EFBC}") = "HelloWorld", "HelloWorld.csproj", "{62ECA98D-B984-4E65-AA55-A9785FEBBCCE}"
EndProject
Global
	GlobalSection(SolutionConfigurationPlatforms) = preSolution
		Debug|Any CPU = Debug|Any CPU
		Release|Any CPU = Release|Any CPU
	EndGlobalSection
	GlobalSection(ProjectConfigurationPlatforms) = postSolution
		{62ECA98D-B984-4E65-AA55-A9785FEBBCCE}.Debug|Any CPU.ActiveCfg = Debug|Any CPU
		{62ECA98D-B984-4E65-AA55-A9785FEBBCCE}.Debug|Any CPU.Build.0 = Debug|Any CPU
		{62ECA98D-B984-4E65-AA55-A9785FEBBCCE}.Release|Any CPU.ActiveCfg = Release|Any CPU
		{62ECA98D-B984-4E65-AA55-A9785FEBBCCE}.Release|Any CPU.Build.0 = Release|Any CPU
	EndGlobalSection
	GlobalSection(SolutionProperties) = preSolution
		HideSolutionNode = FALSE
	EndGlobalSection
	GlobalSection(ExtensibilityGlobals) = postSolution
		SolutionGuid = {A150D4F1-4870-4BE9-816C-2F2BB287CD92}
	EndGlobalSection
EndGlobal
