
Microsoft Visual Studio Solution File, Format Version 12.00
# Visual Studio 15
VisualStudioVersion = 15.0.28307.136
MinimumVisualStudioVersion = 10.0.40219.1
Project("{FAE04EC0-301F-11D3-BF4B-00C04F79EFBC}") = "ex33-linkedlist", "ex33-linkedlist\ex33-linkedlist.csproj", "{19ED0CA0-5458-41D0-BF94-16190E9D556E}"
EndProject
Project("{FAE04EC0-301F-11D3-BF4B-00C04F79EFBC}") = "Adt", "Adt\Adt.csproj", "{226C47B7-0965-4F61-A225-97D78077CDC1}"
EndProject
Project("{FAE04EC0-301F-11D3-BF4B-00C04F79EFBC}") = "UnitTestProject1", "UnitTestProject1\UnitTestProject1.csproj", "{2AA76248-66BA-47C1-B0BA-474E64B15E64}"
EndProject
Global
	GlobalSection(SolutionConfigurationPlatforms) = preSolution
		Debug|Any CPU = Debug|Any CPU
		Release|Any CPU = Release|Any CPU
	EndGlobalSection
	GlobalSection(ProjectConfigurationPlatforms) = postSolution
		{19ED0CA0-5458-41D0-BF94-16190E9D556E}.Debug|Any CPU.ActiveCfg = Debug|Any CPU
		{19ED0CA0-5458-41D0-BF94-16190E9D556E}.Debug|Any CPU.Build.0 = Debug|Any CPU
		{19ED0CA0-5458-41D0-BF94-16190E9D556E}.Release|Any CPU.ActiveCfg = Release|Any CPU
		{19ED0CA0-5458-41D0-BF94-16190E9D556E}.Release|Any CPU.Build.0 = Release|Any CPU
		{226C47B7-0965-4F61-A225-97D78077CDC1}.Debug|Any CPU.ActiveCfg = Debug|Any CPU
		{226C47B7-0965-4F61-A225-97D78077CDC1}.Debug|Any CPU.Build.0 = Debug|Any CPU
		{226C47B7-0965-4F61-A225-97D78077CDC1}.Release|Any CPU.ActiveCfg = Release|Any CPU
		{226C47B7-0965-4F61-A225-97D78077CDC1}.Release|Any CPU.Build.0 = Release|Any CPU
		{2AA76248-66BA-47C1-B0BA-474E64B15E64}.Debug|Any CPU.ActiveCfg = Debug|Any CPU
		{2AA76248-66BA-47C1-B0BA-474E64B15E64}.Debug|Any CPU.Build.0 = Debug|Any CPU
		{2AA76248-66BA-47C1-B0BA-474E64B15E64}.Release|Any CPU.ActiveCfg = Release|Any CPU
		{2AA76248-66BA-47C1-B0BA-474E64B15E64}.Release|Any CPU.Build.0 = Release|Any CPU
	EndGlobalSection
	GlobalSection(SolutionProperties) = preSolution
		HideSolutionNode = FALSE
	EndGlobalSection
	GlobalSection(ExtensibilityGlobals) = postSolution
		SolutionGuid = {720202F4-EBDC-4EE8-9AAE-A5CD790E5376}
	EndGlobalSection
EndGlobal
