
Microsoft Visual Studio Solution File, Format Version 12.00
# Visual Studio 15
VisualStudioVersion = 15.0.28010.2036
MinimumVisualStudioVersion = 10.0.40219.1
Project("{FAE04EC0-301F-11D3-BF4B-00C04F79EFBC}") = "Ex09-Temperature", "Ex09-Temperature\Ex09-Temperature.csproj", "{EBF318D8-BE35-49D0-A2D6-46E68F66814A}"
EndProject
Project("{FAE04EC0-301F-11D3-BF4B-00C04F79EFBC}") = "UnitTestProject1", "UnitTestProject1\UnitTestProject1.csproj", "{9AD693D4-33C8-4CCF-98FE-CE5A35585A14}"
EndProject
Global
	GlobalSection(SolutionConfigurationPlatforms) = preSolution
		Debug|Any CPU = Debug|Any CPU
		Release|Any CPU = Release|Any CPU
	EndGlobalSection
	GlobalSection(ProjectConfigurationPlatforms) = postSolution
		{EBF318D8-BE35-49D0-A2D6-46E68F66814A}.Debug|Any CPU.ActiveCfg = Debug|Any CPU
		{EBF318D8-BE35-49D0-A2D6-46E68F66814A}.Debug|Any CPU.Build.0 = Debug|Any CPU
		{EBF318D8-BE35-49D0-A2D6-46E68F66814A}.Release|Any CPU.ActiveCfg = Release|Any CPU
		{EBF318D8-BE35-49D0-A2D6-46E68F66814A}.Release|Any CPU.Build.0 = Release|Any CPU
		{9AD693D4-33C8-4CCF-98FE-CE5A35585A14}.Debug|Any CPU.ActiveCfg = Debug|Any CPU
		{9AD693D4-33C8-4CCF-98FE-CE5A35585A14}.Debug|Any CPU.Build.0 = Debug|Any CPU
		{9AD693D4-33C8-4CCF-98FE-CE5A35585A14}.Release|Any CPU.ActiveCfg = Release|Any CPU
		{9AD693D4-33C8-4CCF-98FE-CE5A35585A14}.Release|Any CPU.Build.0 = Release|Any CPU
	EndGlobalSection
	GlobalSection(SolutionProperties) = preSolution
		HideSolutionNode = FALSE
	EndGlobalSection
	GlobalSection(ExtensibilityGlobals) = postSolution
		SolutionGuid = {B0ECE2E8-AD76-4F6A-AF01-2BE63E16ED95}
	EndGlobalSection
EndGlobal
