
Microsoft Visual Studio Solution File, Format Version 12.00
# Visual Studio 15
VisualStudioVersion = 15.0.27428.2002
MinimumVisualStudioVersion = 10.0.40219.1
Project("{FAE04EC0-301F-11D3-BF4B-00C04F79EFBC}") = "Ex03-HelloUCL", "Ex03-HelloUCL\Ex03-HelloUCL.csproj", "{CF946F17-1349-4EF0-BAB6-2E4C0F24786C}"
EndProject
Global
	GlobalSection(SolutionConfigurationPlatforms) = preSolution
		Debug|Any CPU = Debug|Any CPU
		Release|Any CPU = Release|Any CPU
	EndGlobalSection
	GlobalSection(ProjectConfigurationPlatforms) = postSolution
		{CF946F17-1349-4EF0-BAB6-2E4C0F24786C}.Debug|Any CPU.ActiveCfg = Debug|Any CPU
		{CF946F17-1349-4EF0-BAB6-2E4C0F24786C}.Debug|Any CPU.Build.0 = Debug|Any CPU
		{CF946F17-1349-4EF0-BAB6-2E4C0F24786C}.Release|Any CPU.ActiveCfg = Release|Any CPU
		{CF946F17-1349-4EF0-BAB6-2E4C0F24786C}.Release|Any CPU.Build.0 = Release|Any CPU
	EndGlobalSection
	GlobalSection(SolutionProperties) = preSolution
		HideSolutionNode = FALSE
	EndGlobalSection
	GlobalSection(ExtensibilityGlobals) = postSolution
		SolutionGuid = {E29AF990-A6AF-4646-A97F-DEFCC1568D1A}
	EndGlobalSection
EndGlobal
